
Microsoft Visual Studio Solution File, Format Version 12.00
# Visual Studio Version 17
VisualStudioVersion = 17.5.33627.172
MinimumVisualStudioVersion = 10.0.40219.1
Project("{FAE04EC0-301F-11D3-BF4B-00C04F79EFBC}") = "Glyphy", "Glyphy.csproj", "{936FECAC-B6C2-4A2C-B2A1-8335C846D6AF}"
EndProject
Global
	GlobalSection(SolutionConfigurationPlatforms) = preSolution
		Debug|Any CPU = Debug|Any CPU
		Release|Any CPU = Release|Any CPU
	EndGlobalSection
	GlobalSection(ProjectConfigurationPlatforms) = postSolution
		{936FECAC-B6C2-4A2C-B2A1-8335C846D6AF}.Debug|Any CPU.ActiveCfg = Debug|Any CPU
		{936FECAC-B6C2-4A2C-B2A1-8335C846D6AF}.Debug|Any CPU.Build.0 = Debug|Any CPU
		{936FECAC-B6C2-4A2C-B2A1-8335C846D6AF}.Debug|Any CPU.Deploy.0 = Debug|Any CPU
		{936FECAC-B6C2-4A2C-B2A1-8335C846D6AF}.Release|Any CPU.ActiveCfg = Release|Any CPU
		{936FECAC-B6C2-4A2C-B2A1-8335C846D6AF}.Release|Any CPU.Build.0 = Release|Any CPU
		{936FECAC-B6C2-4A2C-B2A1-8335C846D6AF}.Release|Any CPU.Deploy.0 = Release|Any CPU
	EndGlobalSection
	GlobalSection(SolutionProperties) = preSolution
		HideSolutionNode = FALSE
	EndGlobalSection
	GlobalSection(ExtensibilityGlobals) = postSolution
		SolutionGuid = {5C18368E-9BEE-4B1E-9861-28C8075EB796}
	EndGlobalSection
EndGlobal
